
Microsoft Visual Studio Solution File, Format Version 12.00
# Visual Studio Version 17
VisualStudioVersion = 17.9.34728.123
MinimumVisualStudioVersion = 10.0.40219.1
Project("{FAE04EC0-301F-11D3-BF4B-00C04F79EFBC}") = "Numero mayor", "Numero mayor\Numero mayor.csproj", "{0964FE5E-DC54-4DFD-B932-AC4C3C69B01F}"
EndProject
Global
	GlobalSection(SolutionConfigurationPlatforms) = preSolution
		Debug|Any CPU = Debug|Any CPU
		Release|Any CPU = Release|Any CPU
	EndGlobalSection
	GlobalSection(ProjectConfigurationPlatforms) = postSolution
		{0964FE5E-DC54-4DFD-B932-AC4C3C69B01F}.Debug|Any CPU.ActiveCfg = Debug|Any CPU
		{0964FE5E-DC54-4DFD-B932-AC4C3C69B01F}.Debug|Any CPU.Build.0 = Debug|Any CPU
		{0964FE5E-DC54-4DFD-B932-AC4C3C69B01F}.Release|Any CPU.ActiveCfg = Release|Any CPU
		{0964FE5E-DC54-4DFD-B932-AC4C3C69B01F}.Release|Any CPU.Build.0 = Release|Any CPU
	EndGlobalSection
	GlobalSection(SolutionProperties) = preSolution
		HideSolutionNode = FALSE
	EndGlobalSection
	GlobalSection(ExtensibilityGlobals) = postSolution
		SolutionGuid = {2B758378-0E44-4194-8C82-0F343250F9BE}
	EndGlobalSection
EndGlobal
